
Microsoft Visual Studio Solution File, Format Version 12.00
# Visual Studio Version 17
VisualStudioVersion = 17.0.31903.59
MinimumVisualStudioVersion = 10.0.40219.1
Project("{2150E333-8FDC-42A3-9474-1A3956D46DE8}") = "src", "src", "{C382A9C5-E247-48B5-80A2-6AB020A12233}"
EndProject
Project("{2150E333-8FDC-42A3-9474-1A3956D46DE8}") = "tests", "tests", "{121D05FF-B955-49D5-ABDF-282308CAAE40}"
EndProject
Project("{FAE04EC0-301F-11D3-BF4B-00C04F79EFBC}") = "WebAPI", "src\WebAPI\WebAPI.csproj", "{F2214033-15E1-4766-84AC-7B0CE7512751}"
EndProject
Project("{2150E333-8FDC-42A3-9474-1A3956D46DE8}") = "Solution Items", "Solution Items", "{3B7DC315-EAF2-499E-BCA5-5031D8F7B2A8}"
	ProjectSection(SolutionItems) = preProject
		docker-compose.yml = docker-compose.yml
		README.md = README.md
		init.ps1 = init.ps1
		init.sh = init.sh
		CODEOWNERS = CODEOWNERS
		.gitignore = .gitignore
		.dockerignore = .dockerignore
		.env = .env
	EndProjectSection
EndProject
Project("{FAE04EC0-301F-11D3-BF4B-00C04F79EFBC}") = "Shared", "src\Shared\Shared.csproj", "{AC198F8F-FA54-4A73-9960-A59A4A264B30}"
EndProject
Project("{F2A71F9B-5D33-465A-A702-920D77279786}") = "WebUI", "src\WebUI\WebUI.fsproj", "{9448AAAE-CAC1-4918-B112-1FF64ABF9B60}"
EndProject
Global
	GlobalSection(SolutionConfigurationPlatforms) = preSolution
		Debug|Any CPU = Debug|Any CPU
		Release|Any CPU = Release|Any CPU
	EndGlobalSection
	GlobalSection(SolutionProperties) = preSolution
		HideSolutionNode = FALSE
	EndGlobalSection
	GlobalSection(ProjectConfigurationPlatforms) = postSolution
		{F2214033-15E1-4766-84AC-7B0CE7512751}.Debug|Any CPU.ActiveCfg = Debug|Any CPU
		{F2214033-15E1-4766-84AC-7B0CE7512751}.Debug|Any CPU.Build.0 = Debug|Any CPU
		{F2214033-15E1-4766-84AC-7B0CE7512751}.Release|Any CPU.ActiveCfg = Release|Any CPU
		{F2214033-15E1-4766-84AC-7B0CE7512751}.Release|Any CPU.Build.0 = Release|Any CPU
		{9A59A416-D361-4666-A176-8F12F1936144}.Debug|Any CPU.ActiveCfg = Debug|Any CPU
		{9A59A416-D361-4666-A176-8F12F1936144}.Debug|Any CPU.Build.0 = Debug|Any CPU
		{9A59A416-D361-4666-A176-8F12F1936144}.Release|Any CPU.ActiveCfg = Release|Any CPU
		{9A59A416-D361-4666-A176-8F12F1936144}.Release|Any CPU.Build.0 = Release|Any CPU
		{AC198F8F-FA54-4A73-9960-A59A4A264B30}.Debug|Any CPU.ActiveCfg = Debug|Any CPU
		{AC198F8F-FA54-4A73-9960-A59A4A264B30}.Debug|Any CPU.Build.0 = Debug|Any CPU
		{AC198F8F-FA54-4A73-9960-A59A4A264B30}.Release|Any CPU.ActiveCfg = Release|Any CPU
		{AC198F8F-FA54-4A73-9960-A59A4A264B30}.Release|Any CPU.Build.0 = Release|Any CPU
		{9448AAAE-CAC1-4918-B112-1FF64ABF9B60}.Debug|Any CPU.ActiveCfg = Debug|Any CPU
		{9448AAAE-CAC1-4918-B112-1FF64ABF9B60}.Debug|Any CPU.Build.0 = Debug|Any CPU
		{9448AAAE-CAC1-4918-B112-1FF64ABF9B60}.Release|Any CPU.ActiveCfg = Release|Any CPU
		{9448AAAE-CAC1-4918-B112-1FF64ABF9B60}.Release|Any CPU.Build.0 = Release|Any CPU
	EndGlobalSection
	GlobalSection(NestedProjects) = preSolution
		{F2214033-15E1-4766-84AC-7B0CE7512751} = {C382A9C5-E247-48B5-80A2-6AB020A12233}
		{AC198F8F-FA54-4A73-9960-A59A4A264B30} = {C382A9C5-E247-48B5-80A2-6AB020A12233}
		{9448AAAE-CAC1-4918-B112-1FF64ABF9B60} = {C382A9C5-E247-48B5-80A2-6AB020A12233}
	EndGlobalSection
EndGlobal
